
Microsoft Visual Studio Solution File, Format Version 11.00
# Visual C# Express 2010
Project("{FAE04EC0-301F-11D3-BF4B-00C04F79EFBC}") = "Quest2(Begin)", "Quest2(Begin)\Quest2(Begin).csproj", "{26B65255-DF4F-4A44-8846-C2CF63C2C6DC}"
EndProject
Global
	GlobalSection(SolutionConfigurationPlatforms) = preSolution
		Debug|x86 = Debug|x86
		Release|x86 = Release|x86
	EndGlobalSection
	GlobalSection(ProjectConfigurationPlatforms) = postSolution
		{26B65255-DF4F-4A44-8846-C2CF63C2C6DC}.Debug|x86.ActiveCfg = Debug|x86
		{26B65255-DF4F-4A44-8846-C2CF63C2C6DC}.Debug|x86.Build.0 = Debug|x86
		{26B65255-DF4F-4A44-8846-C2CF63C2C6DC}.Release|x86.ActiveCfg = Release|x86
		{26B65255-DF4F-4A44-8846-C2CF63C2C6DC}.Release|x86.Build.0 = Release|x86
	EndGlobalSection
	GlobalSection(SolutionProperties) = preSolution
		HideSolutionNode = FALSE
	EndGlobalSection
EndGlobal
